
Microsoft Visual Studio Solution File, Format Version 12.00
# Visual Studio Version 16
VisualStudioVersion = 16.0.31229.75
MinimumVisualStudioVersion = 10.0.40219.1
Project("{159641D6-6404-4A2A-AE62-294DE0FE8301}") = "LoadSuppliers", "Integration Services Project1\LoadSuppliers.dtproj", "{FDB40E1A-D514-41AF-9CBA-8763A29CA378}"
EndProject
Global
	GlobalSection(SolutionConfigurationPlatforms) = preSolution
		Development|Default = Development|Default
	EndGlobalSection
	GlobalSection(ProjectConfigurationPlatforms) = postSolution
		{FDB40E1A-D514-41AF-9CBA-8763A29CA378}.Development|Default.ActiveCfg = Development
		{FDB40E1A-D514-41AF-9CBA-8763A29CA378}.Development|Default.Build.0 = Development
	EndGlobalSection
	GlobalSection(SolutionProperties) = preSolution
		HideSolutionNode = FALSE
	EndGlobalSection
	GlobalSection(ExtensibilityGlobals) = postSolution
		SolutionGuid = {C7975101-9F70-47C1-B699-8956F4FDB7A2}
	EndGlobalSection
EndGlobal
